
Microsoft Visual Studio Solution File, Format Version 12.00
# Visual Studio Version 17
VisualStudioVersion = 17.13.35913.81 d17.13
MinimumVisualStudioVersion = 10.0.40219.1
Project("{FAE04EC0-301F-11D3-BF4B-00C04F79EFBC}") = "MkWindinvestor", "MkWindinvestor.csproj", "{B0288E02-87BA-C9D3-B958-2F4018A6805A}"
EndProject
Global
	GlobalSection(SolutionConfigurationPlatforms) = preSolution
		Debug|Any CPU = Debug|Any CPU
		Release|Any CPU = Release|Any CPU
	EndGlobalSection
	GlobalSection(ProjectConfigurationPlatforms) = postSolution
		{B0288E02-87BA-C9D3-B958-2F4018A6805A}.Debug|Any CPU.ActiveCfg = Debug|Any CPU
		{B0288E02-87BA-C9D3-B958-2F4018A6805A}.Debug|Any CPU.Build.0 = Debug|Any CPU
		{B0288E02-87BA-C9D3-B958-2F4018A6805A}.Release|Any CPU.ActiveCfg = Release|Any CPU
		{B0288E02-87BA-C9D3-B958-2F4018A6805A}.Release|Any CPU.Build.0 = Release|Any CPU
	EndGlobalSection
	GlobalSection(SolutionProperties) = preSolution
		HideSolutionNode = FALSE
	EndGlobalSection
	GlobalSection(ExtensibilityGlobals) = postSolution
		SolutionGuid = {625719AB-8B03-42D6-9BBD-6F2F0DAD6B31}
	EndGlobalSection
EndGlobal
